
Microsoft Visual Studio Solution File, Format Version 12.00
# Visual Studio 2012
Project("{8BC9CEB8-8B4A-11D0-8D11-00A0C91BC942}") = "杭电2502月之数", "杭电2502月之数\杭电2502月之数.vcxproj", "{9A0071F9-5E78-44EC-A4EB-25E799120CBA}"
EndProject
Global
	GlobalSection(SolutionConfigurationPlatforms) = preSolution
		Debug|Win32 = Debug|Win32
		Release|Win32 = Release|Win32
	EndGlobalSection
	GlobalSection(ProjectConfigurationPlatforms) = postSolution
		{9A0071F9-5E78-44EC-A4EB-25E799120CBA}.Debug|Win32.ActiveCfg = Debug|Win32
		{9A0071F9-5E78-44EC-A4EB-25E799120CBA}.Debug|Win32.Build.0 = Debug|Win32
		{9A0071F9-5E78-44EC-A4EB-25E799120CBA}.Release|Win32.ActiveCfg = Release|Win32
		{9A0071F9-5E78-44EC-A4EB-25E799120CBA}.Release|Win32.Build.0 = Release|Win32
	EndGlobalSection
	GlobalSection(SolutionProperties) = preSolution
		HideSolutionNode = FALSE
	EndGlobalSection
EndGlobal
