
Microsoft Visual Studio Solution File, Format Version 12.00
# Visual Studio 2012
Project("{8BC9CEB8-8B4A-11D0-8D11-00A0C91BC942}") = "杭电1040选择法", "杭电1040选择法\杭电1040选择法.vcxproj", "{11A5E83B-3693-465D-83F6-B88EDE63C00F}"
EndProject
Global
	GlobalSection(SolutionConfigurationPlatforms) = preSolution
		Debug|Win32 = Debug|Win32
		Release|Win32 = Release|Win32
	EndGlobalSection
	GlobalSection(ProjectConfigurationPlatforms) = postSolution
		{11A5E83B-3693-465D-83F6-B88EDE63C00F}.Debug|Win32.ActiveCfg = Debug|Win32
		{11A5E83B-3693-465D-83F6-B88EDE63C00F}.Debug|Win32.Build.0 = Debug|Win32
		{11A5E83B-3693-465D-83F6-B88EDE63C00F}.Release|Win32.ActiveCfg = Release|Win32
		{11A5E83B-3693-465D-83F6-B88EDE63C00F}.Release|Win32.Build.0 = Release|Win32
	EndGlobalSection
	GlobalSection(SolutionProperties) = preSolution
		HideSolutionNode = FALSE
	EndGlobalSection
EndGlobal
