
Microsoft Visual Studio Solution File, Format Version 12.00
# Visual Studio 2012
Project("{8BC9CEB8-8B4A-11D0-8D11-00A0C91BC942}") = "杭电2602 Bone Collector", "杭电2602 Bone Collector\杭电2602 Bone Collector.vcxproj", "{86AE0095-248F-40F2-B63F-11CE683B0521}"
EndProject
Global
	GlobalSection(SolutionConfigurationPlatforms) = preSolution
		Debug|Win32 = Debug|Win32
		Release|Win32 = Release|Win32
	EndGlobalSection
	GlobalSection(ProjectConfigurationPlatforms) = postSolution
		{86AE0095-248F-40F2-B63F-11CE683B0521}.Debug|Win32.ActiveCfg = Debug|Win32
		{86AE0095-248F-40F2-B63F-11CE683B0521}.Debug|Win32.Build.0 = Debug|Win32
		{86AE0095-248F-40F2-B63F-11CE683B0521}.Release|Win32.ActiveCfg = Release|Win32
		{86AE0095-248F-40F2-B63F-11CE683B0521}.Release|Win32.Build.0 = Release|Win32
	EndGlobalSection
	GlobalSection(SolutionProperties) = preSolution
		HideSolutionNode = FALSE
	EndGlobalSection
EndGlobal
