
Microsoft Visual Studio Solution File, Format Version 12.00
# Visual Studio 2012
Project("{8BC9CEB8-8B4A-11D0-8D11-00A0C91BC942}") = "poj 1330 Nearest Common Ancestors", "poj 1330 Nearest Common Ancestors\poj 1330 Nearest Common Ancestors.vcxproj", "{4B226B12-0773-4C48-97CA-C514A91CAB9B}"
EndProject
Global
	GlobalSection(SolutionConfigurationPlatforms) = preSolution
		Debug|Win32 = Debug|Win32
		Release|Win32 = Release|Win32
	EndGlobalSection
	GlobalSection(ProjectConfigurationPlatforms) = postSolution
		{4B226B12-0773-4C48-97CA-C514A91CAB9B}.Debug|Win32.ActiveCfg = Debug|Win32
		{4B226B12-0773-4C48-97CA-C514A91CAB9B}.Debug|Win32.Build.0 = Debug|Win32
		{4B226B12-0773-4C48-97CA-C514A91CAB9B}.Release|Win32.ActiveCfg = Release|Win32
		{4B226B12-0773-4C48-97CA-C514A91CAB9B}.Release|Win32.Build.0 = Release|Win32
	EndGlobalSection
	GlobalSection(SolutionProperties) = preSolution
		HideSolutionNode = FALSE
	EndGlobalSection
EndGlobal
