
Microsoft Visual Studio Solution File, Format Version 12.00
# Visual Studio 2012
Project("{8BC9CEB8-8B4A-11D0-8D11-00A0C91BC942}") = "杭电 2567 寻梦", "杭电 2567 寻梦\杭电 2567 寻梦.vcxproj", "{178537E8-A20E-4F7B-84BE-8F33011754B0}"
EndProject
Global
	GlobalSection(SolutionConfigurationPlatforms) = preSolution
		Debug|Win32 = Debug|Win32
		Release|Win32 = Release|Win32
	EndGlobalSection
	GlobalSection(ProjectConfigurationPlatforms) = postSolution
		{178537E8-A20E-4F7B-84BE-8F33011754B0}.Debug|Win32.ActiveCfg = Debug|Win32
		{178537E8-A20E-4F7B-84BE-8F33011754B0}.Debug|Win32.Build.0 = Debug|Win32
		{178537E8-A20E-4F7B-84BE-8F33011754B0}.Release|Win32.ActiveCfg = Release|Win32
		{178537E8-A20E-4F7B-84BE-8F33011754B0}.Release|Win32.Build.0 = Release|Win32
	EndGlobalSection
	GlobalSection(SolutionProperties) = preSolution
		HideSolutionNode = FALSE
	EndGlobalSection
EndGlobal
