
Microsoft Visual Studio Solution File, Format Version 12.00
# Visual Studio 2012
Project("{8BC9CEB8-8B4A-11D0-8D11-00A0C91BC942}") = "杭电4920Matrix multiplication(矩阵相乘)", "杭电4920Matrix multiplication(矩阵相乘)\杭电4920Matrix multiplication(矩阵相乘).vcxproj", "{96D7BE0E-6A46-4E12-B974-D52ED5CB26EA}"
EndProject
Global
	GlobalSection(SolutionConfigurationPlatforms) = preSolution
		Debug|Win32 = Debug|Win32
		Release|Win32 = Release|Win32
	EndGlobalSection
	GlobalSection(ProjectConfigurationPlatforms) = postSolution
		{96D7BE0E-6A46-4E12-B974-D52ED5CB26EA}.Debug|Win32.ActiveCfg = Debug|Win32
		{96D7BE0E-6A46-4E12-B974-D52ED5CB26EA}.Debug|Win32.Build.0 = Debug|Win32
		{96D7BE0E-6A46-4E12-B974-D52ED5CB26EA}.Release|Win32.ActiveCfg = Release|Win32
		{96D7BE0E-6A46-4E12-B974-D52ED5CB26EA}.Release|Win32.Build.0 = Release|Win32
	EndGlobalSection
	GlobalSection(SolutionProperties) = preSolution
		HideSolutionNode = FALSE
	EndGlobalSection
EndGlobal
