
Microsoft Visual Studio Solution File, Format Version 12.00
# Visual Studio 2012
Project("{8BC9CEB8-8B4A-11D0-8D11-00A0C91BC942}") = "栈的应用", "栈的应用\栈的应用.vcxproj", "{D104B04A-BD34-42B0-9D5E-190C1FE559BA}"
EndProject
Global
	GlobalSection(SolutionConfigurationPlatforms) = preSolution
		Debug|Win32 = Debug|Win32
		Release|Win32 = Release|Win32
	EndGlobalSection
	GlobalSection(ProjectConfigurationPlatforms) = postSolution
		{D104B04A-BD34-42B0-9D5E-190C1FE559BA}.Debug|Win32.ActiveCfg = Debug|Win32
		{D104B04A-BD34-42B0-9D5E-190C1FE559BA}.Debug|Win32.Build.0 = Debug|Win32
		{D104B04A-BD34-42B0-9D5E-190C1FE559BA}.Release|Win32.ActiveCfg = Release|Win32
		{D104B04A-BD34-42B0-9D5E-190C1FE559BA}.Release|Win32.Build.0 = Release|Win32
	EndGlobalSection
	GlobalSection(SolutionProperties) = preSolution
		HideSolutionNode = FALSE
	EndGlobalSection
EndGlobal
