
Microsoft Visual Studio Solution File, Format Version 12.00
# Visual Studio 2012
Project("{8BC9CEB8-8B4A-11D0-8D11-00A0C91BC942}") = "杭电1012u Calculate e", "杭电1012u Calculate e\杭电1012u Calculate e.vcxproj", "{FE74FF72-7594-4AA9-8634-F22089696573}"
EndProject
Global
	GlobalSection(SolutionConfigurationPlatforms) = preSolution
		Debug|Win32 = Debug|Win32
		Release|Win32 = Release|Win32
	EndGlobalSection
	GlobalSection(ProjectConfigurationPlatforms) = postSolution
		{FE74FF72-7594-4AA9-8634-F22089696573}.Debug|Win32.ActiveCfg = Debug|Win32
		{FE74FF72-7594-4AA9-8634-F22089696573}.Debug|Win32.Build.0 = Debug|Win32
		{FE74FF72-7594-4AA9-8634-F22089696573}.Release|Win32.ActiveCfg = Release|Win32
		{FE74FF72-7594-4AA9-8634-F22089696573}.Release|Win32.Build.0 = Release|Win32
	EndGlobalSection
	GlobalSection(SolutionProperties) = preSolution
		HideSolutionNode = FALSE
	EndGlobalSection
EndGlobal
