
Microsoft Visual Studio Solution File, Format Version 12.00
# Visual Studio 2012
Project("{8BC9CEB8-8B4A-11D0-8D11-00A0C91BC942}") = "杭电2549壮志难酬", "杭电2549壮志难酬\杭电2549壮志难酬.vcxproj", "{1E028720-3BD0-4008-AB38-ABE972C734C3}"
EndProject
Global
	GlobalSection(SolutionConfigurationPlatforms) = preSolution
		Debug|Win32 = Debug|Win32
		Release|Win32 = Release|Win32
	EndGlobalSection
	GlobalSection(ProjectConfigurationPlatforms) = postSolution
		{1E028720-3BD0-4008-AB38-ABE972C734C3}.Debug|Win32.ActiveCfg = Debug|Win32
		{1E028720-3BD0-4008-AB38-ABE972C734C3}.Debug|Win32.Build.0 = Debug|Win32
		{1E028720-3BD0-4008-AB38-ABE972C734C3}.Release|Win32.ActiveCfg = Release|Win32
		{1E028720-3BD0-4008-AB38-ABE972C734C3}.Release|Win32.Build.0 = Release|Win32
	EndGlobalSection
	GlobalSection(SolutionProperties) = preSolution
		HideSolutionNode = FALSE
	EndGlobalSection
EndGlobal
