
Microsoft Visual Studio Solution File, Format Version 12.00
# Visual Studio 2012
Project("{8BC9CEB8-8B4A-11D0-8D11-00A0C91BC942}") = "POJ3254 Corn Fields 状态压缩DP", "POJ3254 Corn Fields 状态压缩DP\POJ3254 Corn Fields 状态压缩DP.vcxproj", "{0716812A-6382-4574-97D2-E58CA5F3CB47}"
EndProject
Global
	GlobalSection(SolutionConfigurationPlatforms) = preSolution
		Debug|Win32 = Debug|Win32
		Release|Win32 = Release|Win32
	EndGlobalSection
	GlobalSection(ProjectConfigurationPlatforms) = postSolution
		{0716812A-6382-4574-97D2-E58CA5F3CB47}.Debug|Win32.ActiveCfg = Debug|Win32
		{0716812A-6382-4574-97D2-E58CA5F3CB47}.Debug|Win32.Build.0 = Debug|Win32
		{0716812A-6382-4574-97D2-E58CA5F3CB47}.Release|Win32.ActiveCfg = Release|Win32
		{0716812A-6382-4574-97D2-E58CA5F3CB47}.Release|Win32.Build.0 = Release|Win32
	EndGlobalSection
	GlobalSection(SolutionProperties) = preSolution
		HideSolutionNode = FALSE
	EndGlobalSection
EndGlobal
