
Microsoft Visual Studio Solution File, Format Version 12.00
# Visual Studio 2012
Project("{8BC9CEB8-8B4A-11D0-8D11-00A0C91BC942}") = "p130-8", "p130-8\p130-8.vcxproj", "{1FBF60E2-8D2A-48C9-8832-5233CD4F667B}"
EndProject
Global
	GlobalSection(SolutionConfigurationPlatforms) = preSolution
		Debug|Win32 = Debug|Win32
		Release|Win32 = Release|Win32
	EndGlobalSection
	GlobalSection(ProjectConfigurationPlatforms) = postSolution
		{1FBF60E2-8D2A-48C9-8832-5233CD4F667B}.Debug|Win32.ActiveCfg = Debug|Win32
		{1FBF60E2-8D2A-48C9-8832-5233CD4F667B}.Debug|Win32.Build.0 = Debug|Win32
		{1FBF60E2-8D2A-48C9-8832-5233CD4F667B}.Release|Win32.ActiveCfg = Release|Win32
		{1FBF60E2-8D2A-48C9-8832-5233CD4F667B}.Release|Win32.Build.0 = Release|Win32
	EndGlobalSection
	GlobalSection(SolutionProperties) = preSolution
		HideSolutionNode = FALSE
	EndGlobalSection
EndGlobal
