
Microsoft Visual Studio Solution File, Format Version 12.00
# Visual Studio 2012
Project("{8BC9CEB8-8B4A-11D0-8D11-00A0C91BC942}") = "杨辉三角型1", "杨辉三角型1\杨辉三角型1.vcxproj", "{1F80E210-AEFB-4972-850B-C8E3D6A21A04}"
EndProject
Global
	GlobalSection(SolutionConfigurationPlatforms) = preSolution
		Debug|Win32 = Debug|Win32
		Release|Win32 = Release|Win32
	EndGlobalSection
	GlobalSection(ProjectConfigurationPlatforms) = postSolution
		{1F80E210-AEFB-4972-850B-C8E3D6A21A04}.Debug|Win32.ActiveCfg = Debug|Win32
		{1F80E210-AEFB-4972-850B-C8E3D6A21A04}.Debug|Win32.Build.0 = Debug|Win32
		{1F80E210-AEFB-4972-850B-C8E3D6A21A04}.Release|Win32.ActiveCfg = Release|Win32
		{1F80E210-AEFB-4972-850B-C8E3D6A21A04}.Release|Win32.Build.0 = Release|Win32
	EndGlobalSection
	GlobalSection(SolutionProperties) = preSolution
		HideSolutionNode = FALSE
	EndGlobalSection
EndGlobal
