
Microsoft Visual Studio Solution File, Format Version 12.00
# Visual Studio 2012
Project("{8BC9CEB8-8B4A-11D0-8D11-00A0C91BC942}") = "杭电1010 Tempter of the Bone", "杭电1010 Tempter of the Bone\杭电1010 Tempter of the Bone.vcxproj", "{6A7E2670-AA72-42C8-B3D5-2F2E0C2A406F}"
EndProject
Global
	GlobalSection(SolutionConfigurationPlatforms) = preSolution
		Debug|Win32 = Debug|Win32
		Release|Win32 = Release|Win32
	EndGlobalSection
	GlobalSection(ProjectConfigurationPlatforms) = postSolution
		{6A7E2670-AA72-42C8-B3D5-2F2E0C2A406F}.Debug|Win32.ActiveCfg = Debug|Win32
		{6A7E2670-AA72-42C8-B3D5-2F2E0C2A406F}.Debug|Win32.Build.0 = Debug|Win32
		{6A7E2670-AA72-42C8-B3D5-2F2E0C2A406F}.Release|Win32.ActiveCfg = Release|Win32
		{6A7E2670-AA72-42C8-B3D5-2F2E0C2A406F}.Release|Win32.Build.0 = Release|Win32
	EndGlobalSection
	GlobalSection(SolutionProperties) = preSolution
		HideSolutionNode = FALSE
	EndGlobalSection
EndGlobal
