
Microsoft Visual Studio Solution File, Format Version 12.00
# Visual Studio 2012
Project("{8BC9CEB8-8B4A-11D0-8D11-00A0C91BC942}") = "杭电2053  a除b加c除d", "杭电2053  a除b加c除d\杭电2053  a除b加c除d.vcxproj", "{40F4AE1F-6B7B-4E9D-8F5E-D3F56D1B274E}"
EndProject
Global
	GlobalSection(SolutionConfigurationPlatforms) = preSolution
		Debug|Win32 = Debug|Win32
		Release|Win32 = Release|Win32
	EndGlobalSection
	GlobalSection(ProjectConfigurationPlatforms) = postSolution
		{40F4AE1F-6B7B-4E9D-8F5E-D3F56D1B274E}.Debug|Win32.ActiveCfg = Debug|Win32
		{40F4AE1F-6B7B-4E9D-8F5E-D3F56D1B274E}.Debug|Win32.Build.0 = Debug|Win32
		{40F4AE1F-6B7B-4E9D-8F5E-D3F56D1B274E}.Release|Win32.ActiveCfg = Release|Win32
		{40F4AE1F-6B7B-4E9D-8F5E-D3F56D1B274E}.Release|Win32.Build.0 = Release|Win32
	EndGlobalSection
	GlobalSection(SolutionProperties) = preSolution
		HideSolutionNode = FALSE
	EndGlobalSection
EndGlobal
