
Microsoft Visual Studio Solution File, Format Version 12.00
# Visual Studio 2012
Project("{8BC9CEB8-8B4A-11D0-8D11-00A0C91BC942}") = "杭电2201熊猫阿波的故事", "杭电2201熊猫阿波的故事\杭电2201熊猫阿波的故事.vcxproj", "{A21EADF3-2809-43DC-B77E-D47A54B19273}"
EndProject
Global
	GlobalSection(SolutionConfigurationPlatforms) = preSolution
		Debug|Win32 = Debug|Win32
		Release|Win32 = Release|Win32
	EndGlobalSection
	GlobalSection(ProjectConfigurationPlatforms) = postSolution
		{A21EADF3-2809-43DC-B77E-D47A54B19273}.Debug|Win32.ActiveCfg = Debug|Win32
		{A21EADF3-2809-43DC-B77E-D47A54B19273}.Debug|Win32.Build.0 = Debug|Win32
		{A21EADF3-2809-43DC-B77E-D47A54B19273}.Release|Win32.ActiveCfg = Release|Win32
		{A21EADF3-2809-43DC-B77E-D47A54B19273}.Release|Win32.Build.0 = Release|Win32
	EndGlobalSection
	GlobalSection(SolutionProperties) = preSolution
		HideSolutionNode = FALSE
	EndGlobalSection
EndGlobal
