
Microsoft Visual Studio Solution File, Format Version 12.00
# Visual Studio 2012
Project("{8BC9CEB8-8B4A-11D0-8D11-00A0C91BC942}") = "杭电1018 Big Number", "杭电1018 Big Number\杭电1018 Big Number.vcxproj", "{DEE3B0DC-DE92-468B-A8A4-AC5113453802}"
EndProject
Global
	GlobalSection(SolutionConfigurationPlatforms) = preSolution
		Debug|Win32 = Debug|Win32
		Release|Win32 = Release|Win32
	EndGlobalSection
	GlobalSection(ProjectConfigurationPlatforms) = postSolution
		{DEE3B0DC-DE92-468B-A8A4-AC5113453802}.Debug|Win32.ActiveCfg = Debug|Win32
		{DEE3B0DC-DE92-468B-A8A4-AC5113453802}.Debug|Win32.Build.0 = Debug|Win32
		{DEE3B0DC-DE92-468B-A8A4-AC5113453802}.Release|Win32.ActiveCfg = Release|Win32
		{DEE3B0DC-DE92-468B-A8A4-AC5113453802}.Release|Win32.Build.0 = Release|Win32
	EndGlobalSection
	GlobalSection(SolutionProperties) = preSolution
		HideSolutionNode = FALSE
	EndGlobalSection
EndGlobal
