
Microsoft Visual Studio Solution File, Format Version 12.00
# Visual Studio 2012
Project("{8BC9CEB8-8B4A-11D0-8D11-00A0C91BC942}") = "杭电2078", "杭电2078\杭电2078.vcxproj", "{11F51974-5B04-4467-889D-5BF9789C825D}"
EndProject
Global
	GlobalSection(SolutionConfigurationPlatforms) = preSolution
		Debug|Win32 = Debug|Win32
		Release|Win32 = Release|Win32
	EndGlobalSection
	GlobalSection(ProjectConfigurationPlatforms) = postSolution
		{11F51974-5B04-4467-889D-5BF9789C825D}.Debug|Win32.ActiveCfg = Debug|Win32
		{11F51974-5B04-4467-889D-5BF9789C825D}.Debug|Win32.Build.0 = Debug|Win32
		{11F51974-5B04-4467-889D-5BF9789C825D}.Release|Win32.ActiveCfg = Release|Win32
		{11F51974-5B04-4467-889D-5BF9789C825D}.Release|Win32.Build.0 = Release|Win32
	EndGlobalSection
	GlobalSection(SolutionProperties) = preSolution
		HideSolutionNode = FALSE
	EndGlobalSection
EndGlobal
