
Microsoft Visual Studio Solution File, Format Version 12.00
# Visual Studio 2012
Project("{8BC9CEB8-8B4A-11D0-8D11-00A0C91BC942}") = "杭电2560Buildings", "杭电2560Buildings\杭电2560Buildings.vcxproj", "{A4B2CD12-BD21-41BF-83B6-27C82A81F9F5}"
EndProject
Global
	GlobalSection(SolutionConfigurationPlatforms) = preSolution
		Debug|Win32 = Debug|Win32
		Release|Win32 = Release|Win32
	EndGlobalSection
	GlobalSection(ProjectConfigurationPlatforms) = postSolution
		{A4B2CD12-BD21-41BF-83B6-27C82A81F9F5}.Debug|Win32.ActiveCfg = Debug|Win32
		{A4B2CD12-BD21-41BF-83B6-27C82A81F9F5}.Debug|Win32.Build.0 = Debug|Win32
		{A4B2CD12-BD21-41BF-83B6-27C82A81F9F5}.Release|Win32.ActiveCfg = Release|Win32
		{A4B2CD12-BD21-41BF-83B6-27C82A81F9F5}.Release|Win32.Build.0 = Release|Win32
	EndGlobalSection
	GlobalSection(SolutionProperties) = preSolution
		HideSolutionNode = FALSE
	EndGlobalSection
EndGlobal
