
Microsoft Visual Studio Solution File, Format Version 12.00
# Visual Studio 2012
Project("{8BC9CEB8-8B4A-11D0-8D11-00A0C91BC942}") = "杭电1013Digital Roots", "杭电1013Digital Roots\杭电1013Digital Roots.vcxproj", "{95DADB20-78BB-4F89-A9AB-FBBBF7345018}"
EndProject
Global
	GlobalSection(SolutionConfigurationPlatforms) = preSolution
		Debug|Win32 = Debug|Win32
		Release|Win32 = Release|Win32
	EndGlobalSection
	GlobalSection(ProjectConfigurationPlatforms) = postSolution
		{95DADB20-78BB-4F89-A9AB-FBBBF7345018}.Debug|Win32.ActiveCfg = Debug|Win32
		{95DADB20-78BB-4F89-A9AB-FBBBF7345018}.Debug|Win32.Build.0 = Debug|Win32
		{95DADB20-78BB-4F89-A9AB-FBBBF7345018}.Release|Win32.ActiveCfg = Release|Win32
		{95DADB20-78BB-4F89-A9AB-FBBBF7345018}.Release|Win32.Build.0 = Release|Win32
	EndGlobalSection
	GlobalSection(SolutionProperties) = preSolution
		HideSolutionNode = FALSE
	EndGlobalSection
EndGlobal
