
Microsoft Visual Studio Solution File, Format Version 12.00
# Visual Studio 2012
Project("{8BC9CEB8-8B4A-11D0-8D11-00A0C91BC942}") = "杭电1027Fibonacci Again", "杭电1027Fibonacci Again\杭电1027Fibonacci Again.vcxproj", "{39FE8E0E-B0C1-43B8-89C4-5F3BCF88AC19}"
EndProject
Global
	GlobalSection(SolutionConfigurationPlatforms) = preSolution
		Debug|Win32 = Debug|Win32
		Release|Win32 = Release|Win32
	EndGlobalSection
	GlobalSection(ProjectConfigurationPlatforms) = postSolution
		{39FE8E0E-B0C1-43B8-89C4-5F3BCF88AC19}.Debug|Win32.ActiveCfg = Debug|Win32
		{39FE8E0E-B0C1-43B8-89C4-5F3BCF88AC19}.Debug|Win32.Build.0 = Debug|Win32
		{39FE8E0E-B0C1-43B8-89C4-5F3BCF88AC19}.Release|Win32.ActiveCfg = Release|Win32
		{39FE8E0E-B0C1-43B8-89C4-5F3BCF88AC19}.Release|Win32.Build.0 = Release|Win32
	EndGlobalSection
	GlobalSection(SolutionProperties) = preSolution
		HideSolutionNode = FALSE
	EndGlobalSection
EndGlobal
