
Microsoft Visual Studio Solution File, Format Version 12.00
# Visual Studio 2012
Project("{8BC9CEB8-8B4A-11D0-8D11-00A0C91BC942}") = "sushu", "sushu\sushu.vcxproj", "{E44104F1-221A-4F86-A8CA-898C45F95170}"
EndProject
Global
	GlobalSection(SolutionConfigurationPlatforms) = preSolution
		Debug|Win32 = Debug|Win32
		Release|Win32 = Release|Win32
	EndGlobalSection
	GlobalSection(ProjectConfigurationPlatforms) = postSolution
		{E44104F1-221A-4F86-A8CA-898C45F95170}.Debug|Win32.ActiveCfg = Debug|Win32
		{E44104F1-221A-4F86-A8CA-898C45F95170}.Debug|Win32.Build.0 = Debug|Win32
		{E44104F1-221A-4F86-A8CA-898C45F95170}.Release|Win32.ActiveCfg = Release|Win32
		{E44104F1-221A-4F86-A8CA-898C45F95170}.Release|Win32.Build.0 = Release|Win32
	EndGlobalSection
	GlobalSection(SolutionProperties) = preSolution
		HideSolutionNode = FALSE
	EndGlobalSection
EndGlobal
