
Microsoft Visual Studio Solution File, Format Version 12.00
# Visual Studio 2012
Project("{8BC9CEB8-8B4A-11D0-8D11-00A0C91BC942}") = "杭电2544最短路", "杭电2544最短路\杭电2544最短路.vcxproj", "{864AD81C-B79F-49E2-B02F-E57BAF4A43B5}"
EndProject
Global
	GlobalSection(SolutionConfigurationPlatforms) = preSolution
		Debug|Win32 = Debug|Win32
		Release|Win32 = Release|Win32
	EndGlobalSection
	GlobalSection(ProjectConfigurationPlatforms) = postSolution
		{864AD81C-B79F-49E2-B02F-E57BAF4A43B5}.Debug|Win32.ActiveCfg = Debug|Win32
		{864AD81C-B79F-49E2-B02F-E57BAF4A43B5}.Debug|Win32.Build.0 = Debug|Win32
		{864AD81C-B79F-49E2-B02F-E57BAF4A43B5}.Release|Win32.ActiveCfg = Release|Win32
		{864AD81C-B79F-49E2-B02F-E57BAF4A43B5}.Release|Win32.Build.0 = Release|Win32
	EndGlobalSection
	GlobalSection(SolutionProperties) = preSolution
		HideSolutionNode = FALSE
	EndGlobalSection
EndGlobal
