
Microsoft Visual Studio Solution File, Format Version 12.00
# Visual Studio 2012
Project("{8BC9CEB8-8B4A-11D0-8D11-00A0C91BC942}") = "杭电1579 Function Run Fun", "杭电1579 Function Run Fun\杭电1579 Function Run Fun.vcxproj", "{0BCE3A58-BDE1-4A30-AFA5-137EEC1A5391}"
EndProject
Global
	GlobalSection(SolutionConfigurationPlatforms) = preSolution
		Debug|Win32 = Debug|Win32
		Release|Win32 = Release|Win32
	EndGlobalSection
	GlobalSection(ProjectConfigurationPlatforms) = postSolution
		{0BCE3A58-BDE1-4A30-AFA5-137EEC1A5391}.Debug|Win32.ActiveCfg = Debug|Win32
		{0BCE3A58-BDE1-4A30-AFA5-137EEC1A5391}.Debug|Win32.Build.0 = Debug|Win32
		{0BCE3A58-BDE1-4A30-AFA5-137EEC1A5391}.Release|Win32.ActiveCfg = Release|Win32
		{0BCE3A58-BDE1-4A30-AFA5-137EEC1A5391}.Release|Win32.Build.0 = Release|Win32
	EndGlobalSection
	GlobalSection(SolutionProperties) = preSolution
		HideSolutionNode = FALSE
	EndGlobalSection
EndGlobal
