
Microsoft Visual Studio Solution File, Format Version 12.00
# Visual Studio 2012
Project("{8BC9CEB8-8B4A-11D0-8D11-00A0C91BC942}") = "杭电1532 Drainage Ditches（最大流）", "杭电1532 Drainage Ditches（最大流）\杭电1532 Drainage Ditches（最大流）.vcxproj", "{DA4D3BB0-770D-4430-B594-730A77D608ED}"
EndProject
Global
	GlobalSection(SolutionConfigurationPlatforms) = preSolution
		Debug|Win32 = Debug|Win32
		Release|Win32 = Release|Win32
	EndGlobalSection
	GlobalSection(ProjectConfigurationPlatforms) = postSolution
		{DA4D3BB0-770D-4430-B594-730A77D608ED}.Debug|Win32.ActiveCfg = Debug|Win32
		{DA4D3BB0-770D-4430-B594-730A77D608ED}.Debug|Win32.Build.0 = Debug|Win32
		{DA4D3BB0-770D-4430-B594-730A77D608ED}.Release|Win32.ActiveCfg = Release|Win32
		{DA4D3BB0-770D-4430-B594-730A77D608ED}.Release|Win32.Build.0 = Release|Win32
	EndGlobalSection
	GlobalSection(SolutionProperties) = preSolution
		HideSolutionNode = FALSE
	EndGlobalSection
EndGlobal
